
Microsoft Visual Studio Solution File, Format Version 12.00
# Visual Studio Version 16
VisualStudioVersion = 16.0.28315.86
MinimumVisualStudioVersion = 10.0.40219.1
Project("{2150E333-8FDC-42A3-9474-1A3956D46DE8}") = "Engine", "Engine", "{233774A8-CC9D-3FA9-86D1-90573E92B704}"
EndProject
Project("{2150E333-8FDC-42A3-9474-1A3956D46DE8}") = "Games", "Games", "{DE1F8B53-6C02-3C13-9101-A7C8D96F3FF6}"
EndProject
Project("{8BC9CEB8-8B4A-11D0-8D11-00A0C91BC942}") = "SwagRacer2", "Intermediate\ProjectFiles\SwagRacer2.vcxproj", "{937AE525-B621-3517-ADE1-6BAD8DAFEC92}"
EndProject
Project("{8BC9CEB8-8B4A-11D0-8D11-00A0C91BC942}") = "UE5", "Intermediate\ProjectFiles\UE5.vcxproj", "{39044506-8413-39CF-A7D3-A83BA9114F64}"
EndProject
Project("{2150E333-8FDC-42A3-9474-1A3956D46DE8}") = "Visualizers", "Visualizers", "{1CCEC849-CC72-4C59-8C36-2F7C38706D4C}"
	ProjectSection(SolutionItems) = preProject
		..\..\..\UE_5.0\Engine\Extras\VisualStudioDebugging\Unreal.natvis = ..\..\..\UE_5.0\Engine\Extras\VisualStudioDebugging\Unreal.natvis
	EndProjectSection
EndProject
Global
	GlobalSection(SolutionConfigurationPlatforms) = preSolution
		DebugGame Editor|IOS = DebugGame Editor|IOS
		DebugGame Editor|TVOS = DebugGame Editor|TVOS
		DebugGame Editor|Win64 = DebugGame Editor|Win64
		DebugGame|IOS = DebugGame|IOS
		DebugGame|TVOS = DebugGame|TVOS
		DebugGame|Win64 = DebugGame|Win64
		Development Editor|IOS = Development Editor|IOS
		Development Editor|TVOS = Development Editor|TVOS
		Development Editor|Win64 = Development Editor|Win64
		Development|IOS = Development|IOS
		Development|TVOS = Development|TVOS
		Development|Win64 = Development|Win64
		Shipping|IOS = Shipping|IOS
		Shipping|TVOS = Shipping|TVOS
		Shipping|Win64 = Shipping|Win64
	EndGlobalSection
	# UnrealVS Section
	GlobalSection(ddbf523f-7eb6-4887-bd51-85a714ff87eb) = preSolution
		AvailablePlatforms=Win64;IOS;TVOS
	EndGlobalSection
	GlobalSection(ProjectConfigurationPlatforms) = postSolution
		{937AE525-B621-3517-ADE1-6BAD8DAFEC92}.DebugGame Editor|IOS.ActiveCfg = Invalid|x64
		{937AE525-B621-3517-ADE1-6BAD8DAFEC92}.DebugGame Editor|TVOS.ActiveCfg = Invalid|x64
		{937AE525-B621-3517-ADE1-6BAD8DAFEC92}.DebugGame Editor|Win64.ActiveCfg = DebugGame_Editor|x64
		{937AE525-B621-3517-ADE1-6BAD8DAFEC92}.DebugGame Editor|Win64.Build.0 = DebugGame_Editor|x64
		{937AE525-B621-3517-ADE1-6BAD8DAFEC92}.DebugGame|IOS.ActiveCfg = IOS_DebugGame|Win64
		{937AE525-B621-3517-ADE1-6BAD8DAFEC92}.DebugGame|IOS.Build.0 = IOS_DebugGame|Win64
		{937AE525-B621-3517-ADE1-6BAD8DAFEC92}.DebugGame|TVOS.ActiveCfg = TVOS_DebugGame|Win64
		{937AE525-B621-3517-ADE1-6BAD8DAFEC92}.DebugGame|TVOS.Build.0 = TVOS_DebugGame|Win64
		{937AE525-B621-3517-ADE1-6BAD8DAFEC92}.DebugGame|Win64.ActiveCfg = DebugGame|x64
		{937AE525-B621-3517-ADE1-6BAD8DAFEC92}.DebugGame|Win64.Build.0 = DebugGame|x64
		{937AE525-B621-3517-ADE1-6BAD8DAFEC92}.Development Editor|IOS.ActiveCfg = Invalid|x64
		{937AE525-B621-3517-ADE1-6BAD8DAFEC92}.Development Editor|TVOS.ActiveCfg = Invalid|x64
		{937AE525-B621-3517-ADE1-6BAD8DAFEC92}.Development Editor|Win64.ActiveCfg = Development_Editor|x64
		{937AE525-B621-3517-ADE1-6BAD8DAFEC92}.Development Editor|Win64.Build.0 = Development_Editor|x64
		{937AE525-B621-3517-ADE1-6BAD8DAFEC92}.Development|IOS.ActiveCfg = IOS_Development|Win64
		{937AE525-B621-3517-ADE1-6BAD8DAFEC92}.Development|IOS.Build.0 = IOS_Development|Win64
		{937AE525-B621-3517-ADE1-6BAD8DAFEC92}.Development|TVOS.ActiveCfg = TVOS_Development|Win64
		{937AE525-B621-3517-ADE1-6BAD8DAFEC92}.Development|TVOS.Build.0 = TVOS_Development|Win64
		{937AE525-B621-3517-ADE1-6BAD8DAFEC92}.Development|Win64.ActiveCfg = Development|x64
		{937AE525-B621-3517-ADE1-6BAD8DAFEC92}.Development|Win64.Build.0 = Development|x64
		{937AE525-B621-3517-ADE1-6BAD8DAFEC92}.Shipping|IOS.ActiveCfg = IOS_Shipping|Win64
		{937AE525-B621-3517-ADE1-6BAD8DAFEC92}.Shipping|IOS.Build.0 = IOS_Shipping|Win64
		{937AE525-B621-3517-ADE1-6BAD8DAFEC92}.Shipping|TVOS.ActiveCfg = TVOS_Shipping|Win64
		{937AE525-B621-3517-ADE1-6BAD8DAFEC92}.Shipping|TVOS.Build.0 = TVOS_Shipping|Win64
		{937AE525-B621-3517-ADE1-6BAD8DAFEC92}.Shipping|Win64.ActiveCfg = Shipping|x64
		{937AE525-B621-3517-ADE1-6BAD8DAFEC92}.Shipping|Win64.Build.0 = Shipping|x64
		{39044506-8413-39CF-A7D3-A83BA9114F64}.DebugGame Editor|IOS.ActiveCfg = BuiltWithUnrealBuildTool|Win64
		{39044506-8413-39CF-A7D3-A83BA9114F64}.DebugGame Editor|TVOS.ActiveCfg = BuiltWithUnrealBuildTool|Win64
		{39044506-8413-39CF-A7D3-A83BA9114F64}.DebugGame Editor|Win64.ActiveCfg = BuiltWithUnrealBuildTool|Win64
		{39044506-8413-39CF-A7D3-A83BA9114F64}.DebugGame|IOS.ActiveCfg = BuiltWithUnrealBuildTool|Win64
		{39044506-8413-39CF-A7D3-A83BA9114F64}.DebugGame|TVOS.ActiveCfg = BuiltWithUnrealBuildTool|Win64
		{39044506-8413-39CF-A7D3-A83BA9114F64}.DebugGame|Win64.ActiveCfg = BuiltWithUnrealBuildTool|Win64
		{39044506-8413-39CF-A7D3-A83BA9114F64}.Development Editor|IOS.ActiveCfg = BuiltWithUnrealBuildTool|Win64
		{39044506-8413-39CF-A7D3-A83BA9114F64}.Development Editor|TVOS.ActiveCfg = BuiltWithUnrealBuildTool|Win64
		{39044506-8413-39CF-A7D3-A83BA9114F64}.Development Editor|Win64.ActiveCfg = BuiltWithUnrealBuildTool|Win64
		{39044506-8413-39CF-A7D3-A83BA9114F64}.Development|IOS.ActiveCfg = BuiltWithUnrealBuildTool|Win64
		{39044506-8413-39CF-A7D3-A83BA9114F64}.Development|TVOS.ActiveCfg = BuiltWithUnrealBuildTool|Win64
		{39044506-8413-39CF-A7D3-A83BA9114F64}.Development|Win64.ActiveCfg = BuiltWithUnrealBuildTool|Win64
		{39044506-8413-39CF-A7D3-A83BA9114F64}.Shipping|IOS.ActiveCfg = BuiltWithUnrealBuildTool|Win64
		{39044506-8413-39CF-A7D3-A83BA9114F64}.Shipping|TVOS.ActiveCfg = BuiltWithUnrealBuildTool|Win64
		{39044506-8413-39CF-A7D3-A83BA9114F64}.Shipping|Win64.ActiveCfg = BuiltWithUnrealBuildTool|Win64
	EndGlobalSection
	GlobalSection(SolutionProperties) = preSolution
		HideSolutionNode = FALSE
	EndGlobalSection
	GlobalSection(NestedProjects) = preSolution
		{39044506-8413-39CF-A7D3-A83BA9114F64} = {233774A8-CC9D-3FA9-86D1-90573E92B704}
		{937AE525-B621-3517-ADE1-6BAD8DAFEC92} = {DE1F8B53-6C02-3C13-9101-A7C8D96F3FF6}
	EndGlobalSection
EndGlobal
